
Microsoft Visual Studio Solution File, Format Version 12.00
# Visual Studio Version 17
VisualStudioVersion = 17.13.35806.99 d17.13
MinimumVisualStudioVersion = 10.0.40219.1
Project("{FAE04EC0-301F-11D3-BF4B-00C04F79EFBC}") = "WebApplication2", "WebApplication2.csproj", "{E9B9F642-A084-4A8A-86DC-9D8C2E32F744}"
EndProject
Project("{FAE04EC0-301F-11D3-BF4B-00C04F79EFBC}") = "seleniumTests", "..\seleniumTests\seleniumTests.csproj", "{6F191482-D0F6-477C-9F8F-B3A73B671657}"
EndProject
Global
	GlobalSection(SolutionConfigurationPlatforms) = preSolution
		Debug|Any CPU = Debug|Any CPU
		Release|Any CPU = Release|Any CPU
	EndGlobalSection
	GlobalSection(ProjectConfigurationPlatforms) = postSolution
		{E9B9F642-A084-4A8A-86DC-9D8C2E32F744}.Debug|Any CPU.ActiveCfg = Debug|Any CPU
		{E9B9F642-A084-4A8A-86DC-9D8C2E32F744}.Debug|Any CPU.Build.0 = Debug|Any CPU
		{E9B9F642-A084-4A8A-86DC-9D8C2E32F744}.Release|Any CPU.ActiveCfg = Release|Any CPU
		{E9B9F642-A084-4A8A-86DC-9D8C2E32F744}.Release|Any CPU.Build.0 = Release|Any CPU
		{6F191482-D0F6-477C-9F8F-B3A73B671657}.Debug|Any CPU.ActiveCfg = Debug|Any CPU
		{6F191482-D0F6-477C-9F8F-B3A73B671657}.Debug|Any CPU.Build.0 = Debug|Any CPU
		{6F191482-D0F6-477C-9F8F-B3A73B671657}.Release|Any CPU.ActiveCfg = Release|Any CPU
		{6F191482-D0F6-477C-9F8F-B3A73B671657}.Release|Any CPU.Build.0 = Release|Any CPU
	EndGlobalSection
	GlobalSection(SolutionProperties) = preSolution
		HideSolutionNode = FALSE
	EndGlobalSection
	GlobalSection(ExtensibilityGlobals) = postSolution
		SolutionGuid = {9E230104-C891-4B84-A9B7-83959DD2AEF2}
	EndGlobalSection
EndGlobal
